<Solution>
  <Folder Name="/src/">
    <Project Path="src/Sc2Otter.Core/Sc2Otter.Core.csproj" />
    <Project Path="src/Sc2Otter.Data/Sc2Otter.Data.csproj" />
    <Project Path="src/Sc2Otter.LocalClient/Sc2Otter.LocalClient.csproj" />
    <Project Path="src/Sc2Otter.Server/Sc2Otter.Server.csproj" />
  </Folder>
  <Folder Name="/tests/">
    <Project Path="tests/Sc2Otter.Tests/Sc2Otter.Tests.csproj" />
  </Folder>
</Solution>
